{
  "nodes": {
    "CSharpLanguageServer": {
      "flake": false,
      "locked": {
        "lastModified": 1672402157,
        "narHash": "sha256-cGy09Q8wzQBH65n2zzIrmqOMkXtq6ylbwe6/tMbVNWw=",
        "owner": "razzmatazz",
        "repo": "csharp-language-server",
        "rev": "626386f317627717b5a74503d54285bb09e804d8",
        "type": "github"
      },
      "original": {
        "owner": "razzmatazz",
        "ref": "0.6.0",
        "repo": "csharp-language-server",
        "type": "github"
      }
    },
    "addictions-tracker": {
      "inputs": {
        "CSharpLanguageServer": "CSharpLanguageServer",
        "angle2": "angle2",
        "flake-utils": [
          "fu"
        ],
        "nixpkgs": [
          "nixpkgs"
        ],
        "piex": "piex",
        "skia": "skia",
        "skiaSharp": "skiaSharp"
      },
      "locked": {
        "lastModified": 1676296184,
        "narHash": "sha256-zTddxTwhjn48OZbsmDF+qJsxQdTHmRvmtuXjAM7803s=",
        "owner": "xFA25E",
        "repo": "AddictionsTracker",
        "rev": "8b62ba698bd6ae55d21f5ca5af25ea90629f7a4c",
        "type": "github"
      },
      "original": {
        "owner": "xFA25E",
        "repo": "AddictionsTracker",
        "type": "github"
      }
    },
    "amded": {
      "flake": false,
      "locked": {
        "lastModified": 1672692393,
        "narHash": "sha256-7R98XfrraAzqdnPlkewfw5FGNFQHasa5OwJIqLFvvW4=",
        "owner": "ft",
        "repo": "amded",
        "rev": "65609e6ed7b4045c4637abcb123f6edc5d34027b",
        "type": "github"
      },
      "original": {
        "owner": "ft",
        "repo": "amded",
        "type": "github"
      }
    },
    "angle2": {
      "flake": false,
      "locked": {
        "lastModified": 1676285950,
        "narHash": "sha256-7M1eB4FDSGPRf6ocvXc+joLieZp/wuQhoaNkkq4r/JE=",
        "ref": "refs/heads/main",
        "rev": "6374ac64b8882c15de9154506f4aed3b26a7f616",
        "revCount": 20506,
        "type": "git",
        "url": "https://chromium.googlesource.com/angle/angle.git"
      },
      "original": {
        "type": "git",
        "url": "https://chromium.googlesource.com/angle/angle.git"
      }
    },
    "base16-schemes": {
      "flake": false,
      "locked": {
        "lastModified": 1665690101,
        "narHash": "sha256-J2ZvNaVFkqaTXzYO5L+jyRORfIOavFPKvWItP6UTMKs=",
        "owner": "tinted-theming",
        "repo": "base16-schemes",
        "rev": "a3dc916cf90471a422c0bfe1bb4b1bdd12185ced",
        "type": "github"
      },
      "original": {
        "owner": "tinted-theming",
        "repo": "base16-schemes",
        "type": "github"
      }
    },
    "discord": {
      "flake": false,
      "locked": {
        "narHash": "sha256-8b60/jCVnEX54cAirvTJy2fuzWBoi99YEr7y+scFKP0=",
        "type": "tarball",
        "url": "https://dl.discordapp.net/apps/linux/0.0.22/discord-0.0.22.tar.gz"
      },
      "original": {
        "type": "tarball",
        "url": "https://dl.discordapp.net/apps/linux/0.0.22/discord-0.0.22.tar.gz"
      }
    },
    "eldev": {
      "flake": false,
      "locked": {
        "lastModified": 1671484062,
        "narHash": "sha256-CIaSWt8oP5nh8LPT+2SphZgYJXFRIdfGLHk0znyBOZM=",
        "owner": "doublep",
        "repo": "eldev",
        "rev": "870ca147d26a4da76828c50b5f4a3d82b51fe43f",
        "type": "github"
      },
      "original": {
        "owner": "doublep",
        "ref": "1.3.1",
        "repo": "eldev",
        "type": "github"
      }
    },
    "eldev_10": {
      "flake": false,
      "locked": {
        "lastModified": 1671484062,
        "narHash": "sha256-CIaSWt8oP5nh8LPT+2SphZgYJXFRIdfGLHk0znyBOZM=",
        "owner": "doublep",
        "repo": "eldev",
        "rev": "870ca147d26a4da76828c50b5f4a3d82b51fe43f",
        "type": "github"
      },
      "original": {
        "owner": "doublep",
        "ref": "1.3.1",
        "repo": "eldev",
        "type": "github"
      }
    },
    "eldev_11": {
      "flake": false,
      "locked": {
        "lastModified": 1662672849,
        "narHash": "sha256-yna3SPVUb6Dzt0Wrl7EY05oNrGHSFVJL1QFhUKNb3DQ=",
        "owner": "doublep",
        "repo": "eldev",
        "rev": "659f4d9c97a44cf29ded5594b3f5de8da99ec973",
        "type": "github"
      },
      "original": {
        "owner": "doublep",
        "ref": "1.2.2",
        "repo": "eldev",
        "type": "github"
      }
    },
    "eldev_2": {
      "flake": false,
      "locked": {
        "lastModified": 1662672849,
        "narHash": "sha256-yna3SPVUb6Dzt0Wrl7EY05oNrGHSFVJL1QFhUKNb3DQ=",
        "owner": "doublep",
        "repo": "eldev",
        "rev": "659f4d9c97a44cf29ded5594b3f5de8da99ec973",
        "type": "github"
      },
      "original": {
        "owner": "doublep",
        "ref": "1.2.2",
        "repo": "eldev",
        "type": "github"
      }
    },
    "eldev_3": {
      "flake": false,
      "locked": {
        "lastModified": 1662672849,
        "narHash": "sha256-yna3SPVUb6Dzt0Wrl7EY05oNrGHSFVJL1QFhUKNb3DQ=",
        "owner": "doublep",
        "repo": "eldev",
        "rev": "659f4d9c97a44cf29ded5594b3f5de8da99ec973",
        "type": "github"
      },
      "original": {
        "owner": "doublep",
        "ref": "1.2.2",
        "repo": "eldev",
        "type": "github"
      }
    },
    "eldev_4": {
      "flake": false,
      "locked": {
        "lastModified": 1671484062,
        "narHash": "sha256-CIaSWt8oP5nh8LPT+2SphZgYJXFRIdfGLHk0znyBOZM=",
        "owner": "doublep",
        "repo": "eldev",
        "rev": "870ca147d26a4da76828c50b5f4a3d82b51fe43f",
        "type": "github"
      },
      "original": {
        "owner": "doublep",
        "ref": "1.3.1",
        "repo": "eldev",
        "type": "github"
      }
    },
    "eldev_5": {
      "flake": false,
      "locked": {
        "lastModified": 1662672849,
        "narHash": "sha256-yna3SPVUb6Dzt0Wrl7EY05oNrGHSFVJL1QFhUKNb3DQ=",
        "owner": "doublep",
        "repo": "eldev",
        "rev": "659f4d9c97a44cf29ded5594b3f5de8da99ec973",
        "type": "github"
      },
      "original": {
        "owner": "doublep",
        "ref": "1.2.2",
        "repo": "eldev",
        "type": "github"
      }
    },
    "eldev_6": {
      "flake": false,
      "locked": {
        "lastModified": 1662672849,
        "narHash": "sha256-yna3SPVUb6Dzt0Wrl7EY05oNrGHSFVJL1QFhUKNb3DQ=",
        "owner": "doublep",
        "repo": "eldev",
        "rev": "659f4d9c97a44cf29ded5594b3f5de8da99ec973",
        "type": "github"
      },
      "original": {
        "owner": "doublep",
        "ref": "1.2.2",
        "repo": "eldev",
        "type": "github"
      }
    },
    "eldev_7": {
      "flake": false,
      "locked": {
        "lastModified": 1662672849,
        "narHash": "sha256-yna3SPVUb6Dzt0Wrl7EY05oNrGHSFVJL1QFhUKNb3DQ=",
        "owner": "doublep",
        "repo": "eldev",
        "rev": "659f4d9c97a44cf29ded5594b3f5de8da99ec973",
        "type": "github"
      },
      "original": {
        "owner": "doublep",
        "ref": "1.2.2",
        "repo": "eldev",
        "type": "github"
      }
    },
    "eldev_8": {
      "flake": false,
      "locked": {
        "lastModified": 1662672849,
        "narHash": "sha256-yna3SPVUb6Dzt0Wrl7EY05oNrGHSFVJL1QFhUKNb3DQ=",
        "owner": "doublep",
        "repo": "eldev",
        "rev": "659f4d9c97a44cf29ded5594b3f5de8da99ec973",
        "type": "github"
      },
      "original": {
        "owner": "doublep",
        "ref": "1.2.2",
        "repo": "eldev",
        "type": "github"
      }
    },
    "eldev_9": {
      "flake": false,
      "locked": {
        "lastModified": 1662672849,
        "narHash": "sha256-yna3SPVUb6Dzt0Wrl7EY05oNrGHSFVJL1QFhUKNb3DQ=",
        "owner": "doublep",
        "repo": "eldev",
        "rev": "659f4d9c97a44cf29ded5594b3f5de8da99ec973",
        "type": "github"
      },
      "original": {
        "owner": "doublep",
        "ref": "1.2.2",
        "repo": "eldev",
        "type": "github"
      }
    },
    "emacs-overlay": {
      "inputs": {
        "flake-utils": [
          "fu"
        ],
        "nixpkgs": [
          "nixpkgs"
        ]
      },
      "locked": {
        "lastModified": 1676283171,
        "narHash": "sha256-w+Ee7JiL88YJTH60NiVCY/BoeE0oFe9rbfpD8llmEtc=",
        "owner": "nix-community",
        "repo": "emacs-overlay",
        "rev": "dc9d1a2f5ccd547ea32f46313081827f05ec1dae",
        "type": "github"
      },
      "original": {
        "owner": "nix-community",
        "repo": "emacs-overlay",
        "type": "github"
      }
    },
    "epkg-abbrev-hook": {
      "inputs": {
        "eldev": "eldev",
        "emacs-overlay": [
          "emacs-overlay"
        ],
        "nixpkgs": [
          "nixpkgs"
        ]
      },
      "locked": {
        "lastModified": 1676220210,
        "narHash": "sha256-hUCxiP0Me4e9NjTD7WZIvWdnyqS66e+PvZXJLoTRxj4=",
        "owner": "xFA25E",
        "repo": "abbrev-hook",
        "rev": "07dcc28fc25127c948808c14e444fdc1ddf58c41",
        "type": "github"
      },
      "original": {
        "owner": "xFA25E",
        "repo": "abbrev-hook",
        "type": "github"
      }
    },
    "epkg-amded": {
      "inputs": {
        "eldev": "eldev_2",
        "emacs-overlay": [
          "emacs-overlay"
        ],
        "nixpkgs": [
          "nixpkgs"
        ]
      },
      "locked": {
        "lastModified": 1676820926,
        "narHash": "sha256-szLdQNLQeMNTm6RZi5Gw/5kaxvPNna26fpAsqyLj8Jg=",
        "owner": "xFA25E",
        "repo": "amded",
        "rev": "f54a7ab2de88aee8aa5e7187bdddc28b425acbc9",
        "type": "github"
      },
      "original": {
        "owner": "xFA25E",
        "repo": "amded",
        "type": "github"
      }
    },
    "epkg-cyrillic-dvorak-im": {
      "inputs": {
        "eldev": "eldev_3",
        "emacs-overlay": [
          "emacs-overlay"
        ],
        "nixpkgs": [
          "nixpkgs"
        ]
      },
      "locked": {
        "lastModified": 1664796087,
        "narHash": "sha256-+k4C1MHOR7y3am9uqhpiLIRfuyTrnhv4wNWtlYVTYKk=",
        "owner": "xFA25E",
        "repo": "cyrillic-dvorak-im",
        "rev": "5c10ef5b84355f00e086d6ecac20ec501d7331f1",
        "type": "github"
      },
      "original": {
        "owner": "xFA25E",
        "repo": "cyrillic-dvorak-im",
        "type": "github"
      }
    },
    "epkg-dired-atool-transient": {
      "inputs": {
        "eldev": "eldev_4",
        "emacs-overlay": [
          "emacs-overlay"
        ],
        "nixpkgs": [
          "nixpkgs"
        ]
      },
      "locked": {
        "lastModified": 1676743159,
        "narHash": "sha256-9b73hcbHp6jeni0LBUSkePyqzfYJlTSYPOKyARjQ5Ko=",
        "owner": "xFA25E",
        "repo": "dired-atool-transient",
        "rev": "374a4789bd6b123afcb4fa0c489e0848031b97c1",
        "type": "github"
      },
      "original": {
        "owner": "xFA25E",
        "repo": "dired-atool-transient",
        "type": "github"
      }
    },
    "epkg-dired-tags": {
      "inputs": {
        "eldev": "eldev_5",
        "emacs-overlay": [
          "emacs-overlay"
        ],
        "epkg-xattr": [
          "epkg-xattr"
        ],
        "nixpkgs": [
          "nixpkgs"
        ]
      },
      "locked": {
        "lastModified": 1664806253,
        "narHash": "sha256-fpovdosLwc5i10XrPw9U4EYNjqRPA408lfF9RtDdNV4=",
        "owner": "xFA25E",
        "repo": "dired-tags",
        "rev": "feb7a8155aabbbc87489414d5c87d65207593dd6",
        "type": "github"
      },
      "original": {
        "owner": "xFA25E",
        "repo": "dired-tags",
        "type": "github"
      }
    },
    "epkg-nixos-options": {
      "inputs": {
        "eldev": "eldev_6",
        "emacs-overlay": [
          "emacs-overlay"
        ],
        "nixpkgs": [
          "nixpkgs"
        ]
      },
      "locked": {
        "lastModified": 1663191875,
        "narHash": "sha256-PYfw4UAR8BbD2v9JaQvhmqQ0bVizzdJU2sMDsSVJHws=",
        "owner": "xFA25E",
        "repo": "nixos-options",
        "rev": "3da0ca1c8677d253e5069323dd1149446ce2a5d7",
        "type": "github"
      },
      "original": {
        "owner": "xFA25E",
        "repo": "nixos-options",
        "type": "github"
      }
    },
    "epkg-pueue": {
      "inputs": {
        "eldev": "eldev_7",
        "emacs-overlay": [
          "emacs-overlay"
        ],
        "nixpkgs": [
          "nixpkgs"
        ]
      },
      "locked": {
        "lastModified": 1676822323,
        "narHash": "sha256-O9X+6seSlMJZDP8QMjxyDfFu21EZBLwWI0EHMQ+EWi4=",
        "owner": "xFA25E",
        "repo": "pueue",
        "rev": "386e43d46cbf68470d040b422061ac2ba1629749",
        "type": "github"
      },
      "original": {
        "owner": "xFA25E",
        "repo": "pueue",
        "type": "github"
      }
    },
    "epkg-rx-widget": {
      "inputs": {
        "eldev": "eldev_8",
        "emacs-overlay": [
          "emacs-overlay"
        ],
        "nixpkgs": [
          "nixpkgs"
        ]
      },
      "locked": {
        "lastModified": 1666985304,
        "narHash": "sha256-KbrXvdTopJa21XYs8Heyc/d0Pm1epPgNlWRuEbxMFuI=",
        "owner": "xFA25E",
        "repo": "rx-widget",
        "rev": "3801c7706ba86c98e7bf450a665bc330370364ec",
        "type": "github"
      },
      "original": {
        "owner": "xFA25E",
        "repo": "rx-widget",
        "type": "github"
      }
    },
    "epkg-sdcwoc": {
      "inputs": {
        "eldev": "eldev_9",
        "emacs-overlay": [
          "emacs-overlay"
        ],
        "nixpkgs": [
          "nixpkgs"
        ]
      },
      "locked": {
        "lastModified": 1664797122,
        "narHash": "sha256-LYPC/bcQ+sntDA4ZMw7Fu0DhQ+1jgj1ZJ6Lo4LFqkV0=",
        "owner": "xFA25E",
        "repo": "sdcwoc",
        "rev": "399abd5a83b048be5d73c9718775d8ef11b77418",
        "type": "github"
      },
      "original": {
        "owner": "xFA25E",
        "repo": "sdcwoc",
        "type": "github"
      }
    },
    "epkg-tempo-extra": {
      "inputs": {
        "eldev": "eldev_10",
        "emacs-overlay": [
          "emacs-overlay"
        ],
        "epkg-abbrev-hook": [
          "epkg-abbrev-hook"
        ],
        "nixpkgs": [
          "nixpkgs"
        ]
      },
      "locked": {
        "lastModified": 1676717094,
        "narHash": "sha256-phegVsZt8z0vOy1DLK5ozdsazZUSBK/76hHz1yFMnQc=",
        "owner": "xFA25E",
        "repo": "tempo-extra",
        "rev": "64866205b0e971c638d5c584428016006d1dda75",
        "type": "github"
      },
      "original": {
        "owner": "xFA25E",
        "repo": "tempo-extra",
        "type": "github"
      }
    },
    "epkg-xattr": {
      "inputs": {
        "eldev": "eldev_11",
        "emacs-overlay": [
          "emacs-overlay"
        ],
        "nixpkgs": [
          "nixpkgs"
        ]
      },
      "locked": {
        "lastModified": 1664799353,
        "narHash": "sha256-A0SfT+GGBedccheQ3xG4/1h/QNu/bF4UYe9dcgJYKEg=",
        "owner": "xFA25E",
        "repo": "xattr",
        "rev": "b758ee1141827c42e819a3a865f87ba73c6a791f",
        "type": "github"
      },
      "original": {
        "owner": "xFA25E",
        "repo": "xattr",
        "type": "github"
      }
    },
    "fu": {
      "locked": {
        "lastModified": 1676283394,
        "narHash": "sha256-XX2f9c3iySLCw54rJ/CZs+ZK6IQy7GXNY4nSOyu2QG4=",
        "owner": "numtide",
        "repo": "flake-utils",
        "rev": "3db36a8b464d0c4532ba1c7dda728f4576d6d073",
        "type": "github"
      },
      "original": {
        "owner": "numtide",
        "repo": "flake-utils",
        "type": "github"
      }
    },
    "home-manager": {
      "inputs": {
        "nixpkgs": [
          "nixpkgs"
        ],
        "utils": [
          "fu"
        ]
      },
      "locked": {
        "lastModified": 1674440933,
        "narHash": "sha256-CASRcD/rK3fn5vUCti3jzry7zi0GsqRsBohNq9wPgLs=",
        "owner": "nix-community",
        "repo": "home-manager",
        "rev": "65c47ced082e3353113614f77b1bc18822dc731f",
        "type": "github"
      },
      "original": {
        "owner": "nix-community",
        "ref": "release-22.11",
        "repo": "home-manager",
        "type": "github"
      }
    },
    "nix-colors": {
      "inputs": {
        "base16-schemes": "base16-schemes",
        "nixpkgs-lib": "nixpkgs-lib"
      },
      "locked": {
        "lastModified": 1672236234,
        "narHash": "sha256-dpBIuxcDEvJbLD8fTipE0A0JbQD1lZB94zYFPoh01PI=",
        "owner": "Misterio77",
        "repo": "nix-colors",
        "rev": "7e459f1d88ac54fc2f4b308adb5064863006e4b1",
        "type": "github"
      },
      "original": {
        "owner": "Misterio77",
        "repo": "nix-colors",
        "type": "github"
      }
    },
    "nixpkgs": {
      "locked": {
        "lastModified": 1676177817,
        "narHash": "sha256-OQnBnuKkpwkfNY31xQyfU5hNpLs1ilWt+hVY6ztEEOM=",
        "owner": "NixOS",
        "repo": "nixpkgs",
        "rev": "1b82144edfcd0c86486d2e07c7298f85510e7fb8",
        "type": "github"
      },
      "original": {
        "owner": "NixOS",
        "ref": "nixos-22.11",
        "repo": "nixpkgs",
        "type": "github"
      }
    },
    "nixpkgs-lib": {
      "locked": {
        "lastModified": 1655599917,
        "narHash": "sha256-kjZbt5WdTrnjMxL79okg9TCoRUdADG50x/TWozbyTsE=",
        "owner": "nix-community",
        "repo": "nixpkgs.lib",
        "rev": "5fb55578aa2f1a502d636a8ac71aece57cb730bb",
        "type": "github"
      },
      "original": {
        "owner": "nix-community",
        "repo": "nixpkgs.lib",
        "type": "github"
      }
    },
    "nur": {
      "locked": {
        "lastModified": 1676300643,
        "narHash": "sha256-SCYSgm7UIzZzxPp6FTiz9nyYQJOo+4X1znPf8fL2D2s=",
        "owner": "nix-community",
        "repo": "NUR",
        "rev": "9e53590ae92ae7b39ca989f37950903395997490",
        "type": "github"
      },
      "original": {
        "owner": "nix-community",
        "repo": "NUR",
        "type": "github"
      }
    },
    "piex": {
      "flake": false,
      "locked": {
        "lastModified": 1663989617,
        "narHash": "sha256-p/kWjwE7CSsy610Ki6brELWNhcfAGt36KsJkwdeAuoo=",
        "ref": "refs/heads/master",
        "rev": "98ecd898ea61034d9f88adf50c7d82fd3ade1b2b",
        "revCount": 241,
        "type": "git",
        "url": "https://android.googlesource.com/platform/external/piex.git"
      },
      "original": {
        "type": "git",
        "url": "https://android.googlesource.com/platform/external/piex.git"
      }
    },
    "root": {
      "inputs": {
        "addictions-tracker": "addictions-tracker",
        "amded": "amded",
        "discord": "discord",
        "emacs-overlay": "emacs-overlay",
        "epkg-abbrev-hook": "epkg-abbrev-hook",
        "epkg-amded": "epkg-amded",
        "epkg-cyrillic-dvorak-im": "epkg-cyrillic-dvorak-im",
        "epkg-dired-atool-transient": "epkg-dired-atool-transient",
        "epkg-dired-tags": "epkg-dired-tags",
        "epkg-nixos-options": "epkg-nixos-options",
        "epkg-pueue": "epkg-pueue",
        "epkg-rx-widget": "epkg-rx-widget",
        "epkg-sdcwoc": "epkg-sdcwoc",
        "epkg-tempo-extra": "epkg-tempo-extra",
        "epkg-xattr": "epkg-xattr",
        "fu": "fu",
        "home-manager": "home-manager",
        "nix-colors": "nix-colors",
        "nixpkgs": "nixpkgs",
        "nur": "nur",
        "stumpwm": "stumpwm"
      }
    },
    "skia": {
      "flake": false,
      "locked": {
        "lastModified": 1659990145,
        "narHash": "sha256-FqVWnFN+dBBp6iDQxDCkohShbCz58QXMlXruyF8UYM4=",
        "owner": "mono",
        "repo": "skia",
        "rev": "0c6ddc9e450c4a822ea10548b360e821ad97991e",
        "type": "github"
      },
      "original": {
        "owner": "mono",
        "ref": "v2.88.3",
        "repo": "skia",
        "type": "github"
      }
    },
    "skiaSharp": {
      "flake": false,
      "locked": {
        "lastModified": 1664826228,
        "narHash": "sha256-HmGN/iODzf9n2n0No9gWkQjGfDW9jw9hTODEI90acCc=",
        "owner": "mono",
        "repo": "SkiaSharp",
        "rev": "655cff084fa9365efde6e989004eb818294c9b0f",
        "type": "github"
      },
      "original": {
        "owner": "mono",
        "ref": "v2.88.3",
        "repo": "SkiaSharp",
        "type": "github"
      }
    },
    "stumpwm": {
      "flake": false,
      "locked": {
        "lastModified": 1653318151,
        "narHash": "sha256-Vtn+unRdr3ib3ssjJcKy6P/M50VOo7197BF4fis4Doo=",
        "owner": "stumpwm",
        "repo": "stumpwm",
        "rev": "09685fcddc32befcf7a0fbe38df9b0613fc4539b",
        "type": "github"
      },
      "original": {
        "owner": "stumpwm",
        "ref": "22.05",
        "repo": "stumpwm",
        "type": "github"
      }
    }
  },
  "root": "root",
  "version": 7
}
