{
  "nodes": {
    "amded": {
      "flake": false,
      "locked": {
        "lastModified": 1580167447,
        "narHash": "sha256-5cOFKCccjpyYH9fwEaIzIxi6umB3mzibbLaqnjsWw/A=",
        "owner": "ft",
        "repo": "amded",
        "rev": "8394ae4c761c960c4b72fc2ebf2694bb9769f2b4",
        "type": "github"
      },
      "original": {
        "owner": "ft",
        "repo": "amded",
        "type": "github"
      }
    },
    "base16-gruvbox-scheme": {
      "flake": false,
      "locked": {
        "lastModified": 1547401068,
        "narHash": "sha256-txrHQzlwtx2GIaPum+Z+cncAyOI/5YdHB3OGUziI7wY=",
        "owner": "dawikur",
        "repo": "base16-gruvbox-scheme",
        "rev": "2def6ef77c1f562ff298d61da6845289bfd9f569",
        "type": "github"
      },
      "original": {
        "owner": "dawikur",
        "repo": "base16-gruvbox-scheme",
        "type": "github"
      }
    },
    "base16-summerfruit-scheme": {
      "flake": false,
      "locked": {
        "lastModified": 1471208641,
        "narHash": "sha256-wEeWCW04I1pCcWc3CQzELTKmc8DbjXgblQJHBnOFukk=",
        "owner": "cscorley",
        "repo": "base16-summerfruit-scheme",
        "rev": "f90e53358fd0d6ba1526bd790f26b0195b6debf7",
        "type": "github"
      },
      "original": {
        "owner": "cscorley",
        "repo": "base16-summerfruit-scheme",
        "type": "github"
      }
    },
    "cyrillic-dvorak-im": {
      "flake": false,
      "locked": {
        "lastModified": 1617729445,
        "narHash": "sha256-FkR2MOGtLCmREay4xTPrlpmIDH5aQSY6fSmmS9rXTYk=",
        "owner": "xFA25E",
        "repo": "cyrillic-dvorak-im",
        "rev": "e23aa4542c8830478af65670d7a96de1d19710a5",
        "type": "github"
      },
      "original": {
        "owner": "xFA25E",
        "repo": "cyrillic-dvorak-im",
        "type": "github"
      }
    },
    "dired-tags": {
      "flake": false,
      "locked": {
        "lastModified": 1645181272,
        "narHash": "sha256-qOstYjE04S+D7K87TD6hHmvt/WXiDTvpcPCL5vwLLdY=",
        "owner": "xFA25E",
        "repo": "dired-tags",
        "rev": "8421bdb6f7e63f60c8c63a438cd26a2f29a7760f",
        "type": "github"
      },
      "original": {
        "owner": "xFA25E",
        "repo": "dired-tags",
        "type": "github"
      }
    },
    "eldev": {
      "flake": false,
      "locked": {
        "lastModified": 1662672849,
        "narHash": "sha256-yna3SPVUb6Dzt0Wrl7EY05oNrGHSFVJL1QFhUKNb3DQ=",
        "owner": "doublep",
        "repo": "eldev",
        "rev": "659f4d9c97a44cf29ded5594b3f5de8da99ec973",
        "type": "github"
      },
      "original": {
        "owner": "doublep",
        "ref": "1.2.2",
        "repo": "eldev",
        "type": "github"
      }
    },
    "eldev_2": {
      "flake": false,
      "locked": {
        "lastModified": 1662672849,
        "narHash": "sha256-yna3SPVUb6Dzt0Wrl7EY05oNrGHSFVJL1QFhUKNb3DQ=",
        "owner": "doublep",
        "repo": "eldev",
        "rev": "659f4d9c97a44cf29ded5594b3f5de8da99ec973",
        "type": "github"
      },
      "original": {
        "owner": "doublep",
        "ref": "1.2.2",
        "repo": "eldev",
        "type": "github"
      }
    },
    "eldev_3": {
      "flake": false,
      "locked": {
        "lastModified": 1662672849,
        "narHash": "sha256-yna3SPVUb6Dzt0Wrl7EY05oNrGHSFVJL1QFhUKNb3DQ=",
        "owner": "doublep",
        "repo": "eldev",
        "rev": "659f4d9c97a44cf29ded5594b3f5de8da99ec973",
        "type": "github"
      },
      "original": {
        "owner": "doublep",
        "ref": "1.2.2",
        "repo": "eldev",
        "type": "github"
      }
    },
    "eldev_4": {
      "flake": false,
      "locked": {
        "lastModified": 1662672849,
        "narHash": "sha256-yna3SPVUb6Dzt0Wrl7EY05oNrGHSFVJL1QFhUKNb3DQ=",
        "owner": "doublep",
        "repo": "eldev",
        "rev": "659f4d9c97a44cf29ded5594b3f5de8da99ec973",
        "type": "github"
      },
      "original": {
        "owner": "doublep",
        "ref": "1.2.2",
        "repo": "eldev",
        "type": "github"
      }
    },
    "emacs-amded": {
      "inputs": {
        "eldev": "eldev",
        "emacs-overlay": "emacs-overlay",
        "nixpkgs": "nixpkgs_2"
      },
      "locked": {
        "lastModified": 1663191718,
        "narHash": "sha256-jWWdh83hQslXWhbiD3k6sOVgUgQ48c2azk8rW/k3v0k=",
        "owner": "xFA25E",
        "repo": "amded",
        "rev": "d2d663163570861468e285948a7b1b67c27d1f18",
        "type": "github"
      },
      "original": {
        "owner": "xFA25E",
        "repo": "amded",
        "type": "github"
      }
    },
    "emacs-overlay": {
      "inputs": {
        "flake-utils": "flake-utils",
        "nixpkgs": "nixpkgs"
      },
      "locked": {
        "lastModified": 1663410592,
        "narHash": "sha256-WkcXd6uAfSfJscflb2ivOPqCgCyQGo4nUkQwIUTXtjg=",
        "owner": "nix-community",
        "repo": "emacs-overlay",
        "rev": "350a3df35560f727046192cefd19e0d7e496a652",
        "type": "github"
      },
      "original": {
        "id": "emacs-overlay",
        "type": "indirect"
      }
    },
    "emacs-overlay_2": {
      "inputs": {
        "flake-utils": "flake-utils_2",
        "nixpkgs": "nixpkgs_3"
      },
      "locked": {
        "lastModified": 1663498994,
        "narHash": "sha256-YhJ1iRWBSKiC7J5G7IhHydTBxVtl/gdFiKE+APhkPvY=",
        "owner": "nix-community",
        "repo": "emacs-overlay",
        "rev": "63f9658ce86a068a96415a61696531711817f8f8",
        "type": "github"
      },
      "original": {
        "owner": "nix-community",
        "repo": "emacs-overlay",
        "type": "github"
      }
    },
    "emacs-overlay_3": {
      "inputs": {
        "flake-utils": "flake-utils_4",
        "nixpkgs": "nixpkgs_4"
      },
      "locked": {
        "lastModified": 1663410592,
        "narHash": "sha256-WkcXd6uAfSfJscflb2ivOPqCgCyQGo4nUkQwIUTXtjg=",
        "owner": "nix-community",
        "repo": "emacs-overlay",
        "rev": "350a3df35560f727046192cefd19e0d7e496a652",
        "type": "github"
      },
      "original": {
        "id": "emacs-overlay",
        "type": "indirect"
      }
    },
    "emacs-overlay_4": {
      "inputs": {
        "flake-utils": "flake-utils_5",
        "nixpkgs": "nixpkgs_6"
      },
      "locked": {
        "lastModified": 1663410592,
        "narHash": "sha256-WkcXd6uAfSfJscflb2ivOPqCgCyQGo4nUkQwIUTXtjg=",
        "owner": "nix-community",
        "repo": "emacs-overlay",
        "rev": "350a3df35560f727046192cefd19e0d7e496a652",
        "type": "github"
      },
      "original": {
        "id": "emacs-overlay",
        "type": "indirect"
      }
    },
    "emacs-overlay_5": {
      "inputs": {
        "flake-utils": "flake-utils_6",
        "nixpkgs": "nixpkgs_9"
      },
      "locked": {
        "lastModified": 1663185189,
        "narHash": "sha256-3Q21ejhrn2O+Kl0v4DhLhQtKf7OfrfOxIUZIlZ/UUSc=",
        "owner": "nix-community",
        "repo": "emacs-overlay",
        "rev": "30a7c7ee7602234f7ae79d46239ae34d57ef0a60",
        "type": "github"
      },
      "original": {
        "id": "emacs-overlay",
        "type": "indirect"
      }
    },
    "flake-utils": {
      "locked": {
        "lastModified": 1659877975,
        "narHash": "sha256-zllb8aq3YO3h8B/U0/J1WBgAL8EX5yWf5pMj3G0NAmc=",
        "owner": "numtide",
        "repo": "flake-utils",
        "rev": "c0e246b9b83f637f4681389ecabcb2681b4f3af0",
        "type": "github"
      },
      "original": {
        "owner": "numtide",
        "repo": "flake-utils",
        "type": "github"
      }
    },
    "flake-utils_2": {
      "locked": {
        "lastModified": 1659877975,
        "narHash": "sha256-zllb8aq3YO3h8B/U0/J1WBgAL8EX5yWf5pMj3G0NAmc=",
        "owner": "numtide",
        "repo": "flake-utils",
        "rev": "c0e246b9b83f637f4681389ecabcb2681b4f3af0",
        "type": "github"
      },
      "original": {
        "owner": "numtide",
        "repo": "flake-utils",
        "type": "github"
      }
    },
    "flake-utils_3": {
      "locked": {
        "lastModified": 1659877975,
        "narHash": "sha256-zllb8aq3YO3h8B/U0/J1WBgAL8EX5yWf5pMj3G0NAmc=",
        "owner": "numtide",
        "repo": "flake-utils",
        "rev": "c0e246b9b83f637f4681389ecabcb2681b4f3af0",
        "type": "github"
      },
      "original": {
        "owner": "numtide",
        "repo": "flake-utils",
        "type": "github"
      }
    },
    "flake-utils_4": {
      "locked": {
        "lastModified": 1659877975,
        "narHash": "sha256-zllb8aq3YO3h8B/U0/J1WBgAL8EX5yWf5pMj3G0NAmc=",
        "owner": "numtide",
        "repo": "flake-utils",
        "rev": "c0e246b9b83f637f4681389ecabcb2681b4f3af0",
        "type": "github"
      },
      "original": {
        "owner": "numtide",
        "repo": "flake-utils",
        "type": "github"
      }
    },
    "flake-utils_5": {
      "locked": {
        "lastModified": 1659877975,
        "narHash": "sha256-zllb8aq3YO3h8B/U0/J1WBgAL8EX5yWf5pMj3G0NAmc=",
        "owner": "numtide",
        "repo": "flake-utils",
        "rev": "c0e246b9b83f637f4681389ecabcb2681b4f3af0",
        "type": "github"
      },
      "original": {
        "owner": "numtide",
        "repo": "flake-utils",
        "type": "github"
      }
    },
    "flake-utils_6": {
      "locked": {
        "lastModified": 1659877975,
        "narHash": "sha256-zllb8aq3YO3h8B/U0/J1WBgAL8EX5yWf5pMj3G0NAmc=",
        "owner": "numtide",
        "repo": "flake-utils",
        "rev": "c0e246b9b83f637f4681389ecabcb2681b4f3af0",
        "type": "github"
      },
      "original": {
        "owner": "numtide",
        "repo": "flake-utils",
        "type": "github"
      }
    },
    "flymake-eslint": {
      "flake": false,
      "locked": {
        "lastModified": 1664211198,
        "narHash": "sha256-2Aay8mpWYiKQwaFj2h6djaeCNTx/zaxR2IiigKLjrmI=",
        "owner": "xFA25E",
        "repo": "flymake-eslint",
        "rev": "e8bcca26d100f9ae9bd4d697464f76d13376193f",
        "type": "github"
      },
      "original": {
        "owner": "xFA25E",
        "ref": "cleanup",
        "repo": "flymake-eslint",
        "type": "github"
      }
    },
    "flymake-statix": {
      "inputs": {
        "eldev": "eldev_2",
        "emacs-overlay": "emacs-overlay_3",
        "nixpkgs": "nixpkgs_5"
      },
      "locked": {
        "lastModified": 1663191673,
        "narHash": "sha256-XJU10SX+fsDRZiwfaKVkTis6+5h6qdZqao1fqkjMRok=",
        "owner": "xFA25E",
        "repo": "flymake-statix",
        "rev": "71f05bd875ef5c196438c6ec9e13f2d15d2152be",
        "type": "github"
      },
      "original": {
        "owner": "xFA25E",
        "repo": "flymake-statix",
        "type": "github"
      }
    },
    "home-manager": {
      "inputs": {
        "nixpkgs": [
          "nixpkgs"
        ]
      },
      "locked": {
        "lastModified": 1656169755,
        "narHash": "sha256-Nlnm4jeQWEGjYrE6hxi/7HYHjBSZ/E0RtjCYifnNsWk=",
        "owner": "nix-community",
        "repo": "home-manager",
        "rev": "4a3d01fb53f52ac83194081272795aa4612c2381",
        "type": "github"
      },
      "original": {
        "owner": "nix-community",
        "ref": "release-22.05",
        "repo": "home-manager",
        "type": "github"
      }
    },
    "mpv-youtube-quality": {
      "flake": false,
      "locked": {
        "lastModified": 1581385730,
        "narHash": "sha256-voNP8tCwCv8QnAZOPC9gqHRV/7jgCAE63VKBd/1s5ic=",
        "owner": "jgreco",
        "repo": "mpv-youtube-quality",
        "rev": "1f8c31457459ffc28cd1c3f3c2235a53efad7148",
        "type": "github"
      },
      "original": {
        "owner": "jgreco",
        "repo": "mpv-youtube-quality",
        "type": "github"
      }
    },
    "nixos-options": {
      "inputs": {
        "eldev": "eldev_3",
        "emacs-overlay": "emacs-overlay_4",
        "nixpkgs": "nixpkgs_7"
      },
      "locked": {
        "lastModified": 1663191875,
        "narHash": "sha256-PYfw4UAR8BbD2v9JaQvhmqQ0bVizzdJU2sMDsSVJHws=",
        "owner": "xFA25E",
        "repo": "nixos-options",
        "rev": "3da0ca1c8677d253e5069323dd1149446ce2a5d7",
        "type": "github"
      },
      "original": {
        "owner": "xFA25E",
        "repo": "nixos-options",
        "type": "github"
      }
    },
    "nixpkgs": {
      "locked": {
        "lastModified": 0,
        "narHash": "sha256-+EukKkeAx6ithOLM1u5x4D12ZFuoi6vpPYjhNDmLz1o=",
        "path": "/nix/store/k6h78frhk0w6ll4w7dfdh7fa5y0kdxkq-source",
        "type": "path"
      },
      "original": {
        "id": "nixpkgs",
        "type": "indirect"
      }
    },
    "nixpkgs_10": {
      "locked": {
        "lastModified": 1658321858,
        "narHash": "sha256-2f5NzHbi1NLSYnDg6cRu25B+XRxqngicvggg+0GgKHI=",
        "path": "/nix/store/ps7746rfm0is1rl5mgsq6q3yd9c0qbfn-source",
        "rev": "26fe7618c7efbbfe28db9a52a21fb87e67ebaf06",
        "type": "path"
      },
      "original": {
        "id": "nixpkgs",
        "type": "indirect"
      }
    },
    "nixpkgs_2": {
      "locked": {
        "lastModified": 0,
        "narHash": "sha256-2f5NzHbi1NLSYnDg6cRu25B+XRxqngicvggg+0GgKHI=",
        "path": "/nix/store/ps7746rfm0is1rl5mgsq6q3yd9c0qbfn-source",
        "type": "path"
      },
      "original": {
        "id": "nixpkgs",
        "type": "indirect"
      }
    },
    "nixpkgs_3": {
      "locked": {
        "lastModified": 0,
        "narHash": "sha256-+EukKkeAx6ithOLM1u5x4D12ZFuoi6vpPYjhNDmLz1o=",
        "path": "/nix/store/k6h78frhk0w6ll4w7dfdh7fa5y0kdxkq-source",
        "type": "path"
      },
      "original": {
        "id": "nixpkgs",
        "type": "indirect"
      }
    },
    "nixpkgs_4": {
      "locked": {
        "lastModified": 0,
        "narHash": "sha256-2f5NzHbi1NLSYnDg6cRu25B+XRxqngicvggg+0GgKHI=",
        "path": "/nix/store/ps7746rfm0is1rl5mgsq6q3yd9c0qbfn-source",
        "type": "path"
      },
      "original": {
        "id": "nixpkgs",
        "type": "indirect"
      }
    },
    "nixpkgs_5": {
      "locked": {
        "lastModified": 0,
        "narHash": "sha256-2f5NzHbi1NLSYnDg6cRu25B+XRxqngicvggg+0GgKHI=",
        "path": "/nix/store/ps7746rfm0is1rl5mgsq6q3yd9c0qbfn-source",
        "type": "path"
      },
      "original": {
        "id": "nixpkgs",
        "type": "indirect"
      }
    },
    "nixpkgs_6": {
      "locked": {
        "lastModified": 0,
        "narHash": "sha256-2f5NzHbi1NLSYnDg6cRu25B+XRxqngicvggg+0GgKHI=",
        "path": "/nix/store/ps7746rfm0is1rl5mgsq6q3yd9c0qbfn-source",
        "type": "path"
      },
      "original": {
        "id": "nixpkgs",
        "type": "indirect"
      }
    },
    "nixpkgs_7": {
      "locked": {
        "lastModified": 0,
        "narHash": "sha256-2f5NzHbi1NLSYnDg6cRu25B+XRxqngicvggg+0GgKHI=",
        "path": "/nix/store/ps7746rfm0is1rl5mgsq6q3yd9c0qbfn-source",
        "type": "path"
      },
      "original": {
        "id": "nixpkgs",
        "type": "indirect"
      }
    },
    "nixpkgs_8": {
      "locked": {
        "lastModified": 1663244735,
        "narHash": "sha256-+EukKkeAx6ithOLM1u5x4D12ZFuoi6vpPYjhNDmLz1o=",
        "owner": "NixOS",
        "repo": "nixpkgs",
        "rev": "178fea1414ae708a5704490f4c49ec3320be9815",
        "type": "github"
      },
      "original": {
        "owner": "NixOS",
        "ref": "nixos-22.05",
        "repo": "nixpkgs",
        "type": "github"
      }
    },
    "nixpkgs_9": {
      "locked": {
        "lastModified": 0,
        "narHash": "sha256-2f5NzHbi1NLSYnDg6cRu25B+XRxqngicvggg+0GgKHI=",
        "path": "/nix/store/ps7746rfm0is1rl5mgsq6q3yd9c0qbfn-source",
        "type": "path"
      },
      "original": {
        "id": "nixpkgs",
        "type": "indirect"
      }
    },
    "notmuch": {
      "flake": false,
      "locked": {
        "lastModified": 1661357577,
        "narHash": "sha256-xKZB1uTNsbSHYIrblCK4c092ZNlpOxsgKBn9aNPhOQk=",
        "ref": "release",
        "rev": "76c3147613d0cb624573a5ba1ac7d0a5f81113bc",
        "revCount": 7342,
        "type": "git",
        "url": "https://git.notmuchmail.org/git/notmuch"
      },
      "original": {
        "ref": "release",
        "type": "git",
        "url": "https://git.notmuchmail.org/git/notmuch"
      }
    },
    "nur": {
      "locked": {
        "lastModified": 1664526811,
        "narHash": "sha256-rnHFFVoVK71MhtxCuAKv/eA7YAF8KovlBCGnjHLGLeE=",
        "owner": "nix-community",
        "repo": "NUR",
        "rev": "09abb32275d4418c72314216a58441dcdde6c220",
        "type": "github"
      },
      "original": {
        "owner": "nix-community",
        "repo": "NUR",
        "type": "github"
      }
    },
    "pueue": {
      "inputs": {
        "eldev": "eldev_4",
        "emacs-overlay": "emacs-overlay_5",
        "nixpkgs": "nixpkgs_10"
      },
      "locked": {
        "lastModified": 1663246167,
        "narHash": "sha256-RbYeiF8pKFzkzfyxoqyA11D85x8JAbD5ui0eKDwTAPc=",
        "owner": "xFA25E",
        "repo": "pueue",
        "rev": "169ffd565462cb72eaff0b376d1f37c81a4b5fbb",
        "type": "github"
      },
      "original": {
        "owner": "xFA25E",
        "repo": "pueue",
        "type": "github"
      }
    },
    "root": {
      "inputs": {
        "amded": "amded",
        "base16-gruvbox-scheme": "base16-gruvbox-scheme",
        "base16-summerfruit-scheme": "base16-summerfruit-scheme",
        "cyrillic-dvorak-im": "cyrillic-dvorak-im",
        "dired-tags": "dired-tags",
        "emacs-amded": "emacs-amded",
        "emacs-overlay": "emacs-overlay_2",
        "flake-utils": "flake-utils_3",
        "flymake-eslint": "flymake-eslint",
        "flymake-statix": "flymake-statix",
        "home-manager": "home-manager",
        "mpv-youtube-quality": "mpv-youtube-quality",
        "nixos-options": "nixos-options",
        "nixpkgs": "nixpkgs_8",
        "notmuch": "notmuch",
        "nur": "nur",
        "pueue": "pueue",
        "rx-widget": "rx-widget",
        "sdcwoc": "sdcwoc",
        "skempo": "skempo",
        "stumpwm": "stumpwm",
        "unflac": "unflac",
        "xattr": "xattr"
      }
    },
    "rx-widget": {
      "flake": false,
      "locked": {
        "lastModified": 1644162873,
        "narHash": "sha256-9BmKRKdIZk4U2fSS/tV42p/quUQr8WBAvwhXVSmwiSM=",
        "owner": "xFA25E",
        "repo": "rx-widget",
        "rev": "5fba827d3749d0dda9f951b804ac48fee9231100",
        "type": "github"
      },
      "original": {
        "owner": "xFA25E",
        "repo": "rx-widget",
        "type": "github"
      }
    },
    "sdcwoc": {
      "flake": false,
      "locked": {
        "lastModified": 1650560125,
        "narHash": "sha256-M4Px8tW/YmyjyexIiPoJ5oRft8GMpooG5tTx7+o7ZEI=",
        "owner": "xFA25E",
        "repo": "sdcwoc",
        "rev": "a91a6f611812a9c47ecb6edf3456da8c6c7fc01d",
        "type": "github"
      },
      "original": {
        "owner": "xFA25E",
        "repo": "sdcwoc",
        "type": "github"
      }
    },
    "skempo": {
      "flake": false,
      "locked": {
        "lastModified": 1655984884,
        "narHash": "sha256-2Sx8XCn/8SMAxT9lN+pBkbzUM9UeDMFERgJrj973mfk=",
        "owner": "xFA25E",
        "repo": "skempo",
        "rev": "366f6542b5f2f4c9bd8f8c18b576dd5024372b52",
        "type": "github"
      },
      "original": {
        "owner": "xFA25E",
        "repo": "skempo",
        "type": "github"
      }
    },
    "stumpwm": {
      "flake": false,
      "locked": {
        "lastModified": 1653318151,
        "narHash": "sha256-Vtn+unRdr3ib3ssjJcKy6P/M50VOo7197BF4fis4Doo=",
        "owner": "stumpwm",
        "repo": "stumpwm",
        "rev": "09685fcddc32befcf7a0fbe38df9b0613fc4539b",
        "type": "github"
      },
      "original": {
        "owner": "stumpwm",
        "ref": "22.05",
        "repo": "stumpwm",
        "type": "github"
      }
    },
    "unflac": {
      "flake": false,
      "locked": {
        "lastModified": 1661812953,
        "narHash": "sha256-SO/iHuReTlm7j/sH5pi5V2TV/ks9MVu92UQ1LVRu54o=",
        "ref": "master",
        "rev": "7902572226937b635dec18335f0f8c0521e4ff80",
        "revCount": 63,
        "type": "git",
        "url": "https://git.sr.ht/~ft/unflac"
      },
      "original": {
        "type": "git",
        "url": "https://git.sr.ht/~ft/unflac"
      }
    },
    "xattr": {
      "flake": false,
      "locked": {
        "lastModified": 1645121898,
        "narHash": "sha256-ujR8uzezZqqRa+ITKbdzllfMEPaAV0mv9iNDeZOU2Tk=",
        "owner": "xFA25E",
        "repo": "xattr",
        "rev": "bc7ea16bb8c1be1188d83f89d2f974a92539a0c1",
        "type": "github"
      },
      "original": {
        "owner": "xFA25E",
        "repo": "xattr",
        "type": "github"
      }
    }
  },
  "root": "root",
  "version": 7
}
