{
  "nodes": {
    "amded": {
      "flake": false,
      "locked": {
        "lastModified": 1580167447,
        "narHash": "sha256-5cOFKCccjpyYH9fwEaIzIxi6umB3mzibbLaqnjsWw/A=",
        "owner": "ft",
        "repo": "amded",
        "rev": "8394ae4c761c960c4b72fc2ebf2694bb9769f2b4",
        "type": "github"
      },
      "original": {
        "owner": "ft",
        "repo": "amded",
        "type": "github"
      }
    },
    "base16-schemes": {
      "flake": false,
      "locked": {
        "lastModified": 1654895891,
        "narHash": "sha256-xYYmZkHnyLCUBAkqkZ7v1Lc5m39857MukQLMRtGuvdk=",
        "owner": "base16-project",
        "repo": "base16-schemes",
        "rev": "7c247f734eac7f04518c6e28d098635ee8dcabf5",
        "type": "github"
      },
      "original": {
        "owner": "base16-project",
        "repo": "base16-schemes",
        "type": "github"
      }
    },
    "discord": {
      "flake": false,
      "locked": {
        "narHash": "sha256-f39g9rnvvOuquPSGdJkqSoc12VGHzaVjF8Z6kATBid8=",
        "type": "tarball",
        "url": "https://dl.discordapp.net/apps/linux/0.0.21/discord-0.0.21.tar.gz"
      },
      "original": {
        "type": "tarball",
        "url": "https://dl.discordapp.net/apps/linux/0.0.21/discord-0.0.21.tar.gz"
      }
    },
    "eldev": {
      "flake": false,
      "locked": {
        "lastModified": 1662672849,
        "narHash": "sha256-yna3SPVUb6Dzt0Wrl7EY05oNrGHSFVJL1QFhUKNb3DQ=",
        "owner": "doublep",
        "repo": "eldev",
        "rev": "659f4d9c97a44cf29ded5594b3f5de8da99ec973",
        "type": "github"
      },
      "original": {
        "owner": "doublep",
        "ref": "1.2.2",
        "repo": "eldev",
        "type": "github"
      }
    },
    "eldev_2": {
      "flake": false,
      "locked": {
        "lastModified": 1662672849,
        "narHash": "sha256-yna3SPVUb6Dzt0Wrl7EY05oNrGHSFVJL1QFhUKNb3DQ=",
        "owner": "doublep",
        "repo": "eldev",
        "rev": "659f4d9c97a44cf29ded5594b3f5de8da99ec973",
        "type": "github"
      },
      "original": {
        "owner": "doublep",
        "ref": "1.2.2",
        "repo": "eldev",
        "type": "github"
      }
    },
    "eldev_3": {
      "flake": false,
      "locked": {
        "lastModified": 1662672849,
        "narHash": "sha256-yna3SPVUb6Dzt0Wrl7EY05oNrGHSFVJL1QFhUKNb3DQ=",
        "owner": "doublep",
        "repo": "eldev",
        "rev": "659f4d9c97a44cf29ded5594b3f5de8da99ec973",
        "type": "github"
      },
      "original": {
        "owner": "doublep",
        "ref": "1.2.2",
        "repo": "eldev",
        "type": "github"
      }
    },
    "eldev_4": {
      "flake": false,
      "locked": {
        "lastModified": 1662672849,
        "narHash": "sha256-yna3SPVUb6Dzt0Wrl7EY05oNrGHSFVJL1QFhUKNb3DQ=",
        "owner": "doublep",
        "repo": "eldev",
        "rev": "659f4d9c97a44cf29ded5594b3f5de8da99ec973",
        "type": "github"
      },
      "original": {
        "owner": "doublep",
        "ref": "1.2.2",
        "repo": "eldev",
        "type": "github"
      }
    },
    "eldev_5": {
      "flake": false,
      "locked": {
        "lastModified": 1662672849,
        "narHash": "sha256-yna3SPVUb6Dzt0Wrl7EY05oNrGHSFVJL1QFhUKNb3DQ=",
        "owner": "doublep",
        "repo": "eldev",
        "rev": "659f4d9c97a44cf29ded5594b3f5de8da99ec973",
        "type": "github"
      },
      "original": {
        "owner": "doublep",
        "ref": "1.2.2",
        "repo": "eldev",
        "type": "github"
      }
    },
    "eldev_6": {
      "flake": false,
      "locked": {
        "lastModified": 1662672849,
        "narHash": "sha256-yna3SPVUb6Dzt0Wrl7EY05oNrGHSFVJL1QFhUKNb3DQ=",
        "owner": "doublep",
        "repo": "eldev",
        "rev": "659f4d9c97a44cf29ded5594b3f5de8da99ec973",
        "type": "github"
      },
      "original": {
        "owner": "doublep",
        "ref": "1.2.2",
        "repo": "eldev",
        "type": "github"
      }
    },
    "eldev_7": {
      "flake": false,
      "locked": {
        "lastModified": 1662672849,
        "narHash": "sha256-yna3SPVUb6Dzt0Wrl7EY05oNrGHSFVJL1QFhUKNb3DQ=",
        "owner": "doublep",
        "repo": "eldev",
        "rev": "659f4d9c97a44cf29ded5594b3f5de8da99ec973",
        "type": "github"
      },
      "original": {
        "owner": "doublep",
        "ref": "1.2.2",
        "repo": "eldev",
        "type": "github"
      }
    },
    "emacs-overlay": {
      "inputs": {
        "flake-utils": [
          "fu"
        ],
        "nixpkgs": [
          "nixpkgs"
        ]
      },
      "locked": {
        "lastModified": 1668232394,
        "narHash": "sha256-scwHJBanfYDTsolRgssIuVXBGGd0vXreRmZyjv6yt/8=",
        "owner": "nix-community",
        "repo": "emacs-overlay",
        "rev": "af4ea11d77395728c49e9dd006cd7a381eca2d78",
        "type": "github"
      },
      "original": {
        "owner": "nix-community",
        "repo": "emacs-overlay",
        "type": "github"
      }
    },
    "epkg-amded": {
      "inputs": {
        "eldev": "eldev",
        "emacs-overlay": [
          "emacs-overlay"
        ],
        "nixpkgs": [
          "nixpkgs"
        ]
      },
      "locked": {
        "lastModified": 1664208412,
        "narHash": "sha256-10Ndz0pr/KDsy85PoAaXsblIx5YIxaC2MtbJL08zUWg=",
        "owner": "xFA25E",
        "repo": "amded",
        "rev": "58ab5545962d1a9a7e186b07b27ae3c8d8e910b3",
        "type": "github"
      },
      "original": {
        "owner": "xFA25E",
        "repo": "amded",
        "type": "github"
      }
    },
    "epkg-cyrillic-dvorak-im": {
      "inputs": {
        "eldev": "eldev_2",
        "emacs-overlay": [
          "emacs-overlay"
        ],
        "nixpkgs": [
          "nixpkgs"
        ]
      },
      "locked": {
        "lastModified": 1664796087,
        "narHash": "sha256-+k4C1MHOR7y3am9uqhpiLIRfuyTrnhv4wNWtlYVTYKk=",
        "owner": "xFA25E",
        "repo": "cyrillic-dvorak-im",
        "rev": "5c10ef5b84355f00e086d6ecac20ec501d7331f1",
        "type": "github"
      },
      "original": {
        "owner": "xFA25E",
        "repo": "cyrillic-dvorak-im",
        "type": "github"
      }
    },
    "epkg-dired-tags": {
      "inputs": {
        "eldev": "eldev_3",
        "emacs-overlay": [
          "emacs-overlay"
        ],
        "epkg-xattr": "epkg-xattr",
        "nixpkgs": [
          "nixpkgs"
        ]
      },
      "locked": {
        "lastModified": 1664806253,
        "narHash": "sha256-fpovdosLwc5i10XrPw9U4EYNjqRPA408lfF9RtDdNV4=",
        "owner": "xFA25E",
        "repo": "dired-tags",
        "rev": "feb7a8155aabbbc87489414d5c87d65207593dd6",
        "type": "github"
      },
      "original": {
        "owner": "xFA25E",
        "repo": "dired-tags",
        "type": "github"
      }
    },
    "epkg-nixos-options": {
      "inputs": {
        "eldev": "eldev_4",
        "emacs-overlay": [
          "emacs-overlay"
        ],
        "nixpkgs": [
          "nixpkgs"
        ]
      },
      "locked": {
        "lastModified": 1663191875,
        "narHash": "sha256-PYfw4UAR8BbD2v9JaQvhmqQ0bVizzdJU2sMDsSVJHws=",
        "owner": "xFA25E",
        "repo": "nixos-options",
        "rev": "3da0ca1c8677d253e5069323dd1149446ce2a5d7",
        "type": "github"
      },
      "original": {
        "owner": "xFA25E",
        "repo": "nixos-options",
        "type": "github"
      }
    },
    "epkg-rx-widget": {
      "inputs": {
        "eldev": "eldev_5",
        "emacs-overlay": [
          "emacs-overlay"
        ],
        "nixpkgs": [
          "nixpkgs"
        ]
      },
      "locked": {
        "lastModified": 1664796702,
        "narHash": "sha256-IKgO0DZrr5qmKX6w1UHzqv/dszcYcJYaOoJm+erZc6g=",
        "owner": "xFA25E",
        "repo": "rx-widget",
        "rev": "36e9e94476dcf958bee8fe036b3527e17d9fd553",
        "type": "github"
      },
      "original": {
        "owner": "xFA25E",
        "repo": "rx-widget",
        "type": "github"
      }
    },
    "epkg-sdcwoc": {
      "inputs": {
        "eldev": "eldev_6",
        "emacs-overlay": [
          "emacs-overlay"
        ],
        "nixpkgs": [
          "nixpkgs"
        ]
      },
      "locked": {
        "lastModified": 1664797122,
        "narHash": "sha256-LYPC/bcQ+sntDA4ZMw7Fu0DhQ+1jgj1ZJ6Lo4LFqkV0=",
        "owner": "xFA25E",
        "repo": "sdcwoc",
        "rev": "399abd5a83b048be5d73c9718775d8ef11b77418",
        "type": "github"
      },
      "original": {
        "owner": "xFA25E",
        "repo": "sdcwoc",
        "type": "github"
      }
    },
    "epkg-skempo": {
      "inputs": {
        "eldev": "eldev_7",
        "emacs-overlay": [
          "emacs-overlay"
        ],
        "nixpkgs": [
          "nixpkgs"
        ]
      },
      "locked": {
        "lastModified": 1664797664,
        "narHash": "sha256-7FXkUUNLrFK1lA78Ko/XXJakLI816TgKWGHW6eTz3ak=",
        "owner": "xFA25E",
        "repo": "skempo",
        "rev": "47b53a2f11798bd44ce2f4134abc3b6682ee010f",
        "type": "github"
      },
      "original": {
        "owner": "xFA25E",
        "repo": "skempo",
        "type": "github"
      }
    },
    "epkg-xattr": {
      "inputs": {
        "eldev": [
          "epkg-dired-tags",
          "eldev"
        ],
        "emacs-overlay": [
          "epkg-dired-tags",
          "emacs-overlay"
        ],
        "nixpkgs": [
          "epkg-dired-tags",
          "nixpkgs"
        ]
      },
      "locked": {
        "lastModified": 1664799353,
        "narHash": "sha256-A0SfT+GGBedccheQ3xG4/1h/QNu/bF4UYe9dcgJYKEg=",
        "owner": "xFA25E",
        "repo": "xattr",
        "rev": "b758ee1141827c42e819a3a865f87ba73c6a791f",
        "type": "github"
      },
      "original": {
        "owner": "xFA25E",
        "repo": "xattr",
        "type": "github"
      }
    },
    "fu": {
      "locked": {
        "lastModified": 1659877975,
        "narHash": "sha256-zllb8aq3YO3h8B/U0/J1WBgAL8EX5yWf5pMj3G0NAmc=",
        "owner": "numtide",
        "repo": "flake-utils",
        "rev": "c0e246b9b83f637f4681389ecabcb2681b4f3af0",
        "type": "github"
      },
      "original": {
        "owner": "numtide",
        "repo": "flake-utils",
        "type": "github"
      }
    },
    "home-manager": {
      "inputs": {
        "nixpkgs": [
          "nixpkgs"
        ]
      },
      "locked": {
        "lastModified": 1656169755,
        "narHash": "sha256-Nlnm4jeQWEGjYrE6hxi/7HYHjBSZ/E0RtjCYifnNsWk=",
        "owner": "nix-community",
        "repo": "home-manager",
        "rev": "4a3d01fb53f52ac83194081272795aa4612c2381",
        "type": "github"
      },
      "original": {
        "owner": "nix-community",
        "ref": "release-22.05",
        "repo": "home-manager",
        "type": "github"
      }
    },
    "mozlz4": {
      "flake": false,
      "locked": {
        "lastModified": 1656426974,
        "narHash": "sha256-csLtrErA0miCPMJMOXrDGH9RlszpZPyPSaA+zToaEzQ=",
        "owner": "jusw85",
        "repo": "mozlz4",
        "rev": "d003163712347b2aa5e88396281ee0cb511d4638",
        "type": "github"
      },
      "original": {
        "owner": "jusw85",
        "repo": "mozlz4",
        "type": "github"
      }
    },
    "mpv-youtube-quality": {
      "flake": false,
      "locked": {
        "lastModified": 1581385730,
        "narHash": "sha256-voNP8tCwCv8QnAZOPC9gqHRV/7jgCAE63VKBd/1s5ic=",
        "owner": "jgreco",
        "repo": "mpv-youtube-quality",
        "rev": "1f8c31457459ffc28cd1c3f3c2235a53efad7148",
        "type": "github"
      },
      "original": {
        "owner": "jgreco",
        "repo": "mpv-youtube-quality",
        "type": "github"
      }
    },
    "nix-colors": {
      "inputs": {
        "base16-schemes": "base16-schemes",
        "nixpkgs-lib": "nixpkgs-lib"
      },
      "locked": {
        "lastModified": 1664216202,
        "narHash": "sha256-7qXPLkgsXpi2nmxGN14DVZWMFw4QIx7foqEN6GXeTj8=",
        "owner": "Misterio77",
        "repo": "nix-colors",
        "rev": "bb56fe29c3e16029a783b7a85354fc14098f2560",
        "type": "github"
      },
      "original": {
        "owner": "Misterio77",
        "repo": "nix-colors",
        "type": "github"
      }
    },
    "nixpkgs": {
      "locked": {
        "lastModified": 1665328694,
        "narHash": "sha256-hVj8yEs5PAbR3cPPpmOtJYxZ8P+hD7RZTMSV9U0QYPA=",
        "owner": "NixOS",
        "repo": "nixpkgs",
        "rev": "9282141c8bc05568ec0e342eac39df72603aa9fa",
        "type": "github"
      },
      "original": {
        "owner": "NixOS",
        "ref": "nixos-22.05",
        "repo": "nixpkgs",
        "type": "github"
      }
    },
    "nixpkgs-lib": {
      "locked": {
        "lastModified": 1655599917,
        "narHash": "sha256-kjZbt5WdTrnjMxL79okg9TCoRUdADG50x/TWozbyTsE=",
        "owner": "nix-community",
        "repo": "nixpkgs.lib",
        "rev": "5fb55578aa2f1a502d636a8ac71aece57cb730bb",
        "type": "github"
      },
      "original": {
        "owner": "nix-community",
        "repo": "nixpkgs.lib",
        "type": "github"
      }
    },
    "nur": {
      "locked": {
        "lastModified": 1667809462,
        "narHash": "sha256-1ZJdPgwU94rqLVbeeNyW8t1WC001ctgQ287R5roYVww=",
        "owner": "nix-community",
        "repo": "NUR",
        "rev": "22ae842712005fb7e70c2f5d77c2722797c2d151",
        "type": "github"
      },
      "original": {
        "owner": "nix-community",
        "repo": "NUR",
        "type": "github"
      }
    },
    "root": {
      "inputs": {
        "amded": "amded",
        "discord": "discord",
        "emacs-overlay": "emacs-overlay",
        "epkg-amded": "epkg-amded",
        "epkg-cyrillic-dvorak-im": "epkg-cyrillic-dvorak-im",
        "epkg-dired-tags": "epkg-dired-tags",
        "epkg-nixos-options": "epkg-nixos-options",
        "epkg-rx-widget": "epkg-rx-widget",
        "epkg-sdcwoc": "epkg-sdcwoc",
        "epkg-skempo": "epkg-skempo",
        "fu": "fu",
        "home-manager": "home-manager",
        "mozlz4": "mozlz4",
        "mpv-youtube-quality": "mpv-youtube-quality",
        "nix-colors": "nix-colors",
        "nixpkgs": "nixpkgs",
        "nur": "nur",
        "stumpwm": "stumpwm",
        "unflac": "unflac"
      }
    },
    "stumpwm": {
      "flake": false,
      "locked": {
        "lastModified": 1653318151,
        "narHash": "sha256-Vtn+unRdr3ib3ssjJcKy6P/M50VOo7197BF4fis4Doo=",
        "owner": "stumpwm",
        "repo": "stumpwm",
        "rev": "09685fcddc32befcf7a0fbe38df9b0613fc4539b",
        "type": "github"
      },
      "original": {
        "owner": "stumpwm",
        "ref": "22.05",
        "repo": "stumpwm",
        "type": "github"
      }
    },
    "unflac": {
      "flake": false,
      "locked": {
        "lastModified": 1661812953,
        "narHash": "sha256-SO/iHuReTlm7j/sH5pi5V2TV/ks9MVu92UQ1LVRu54o=",
        "ref": "master",
        "rev": "7902572226937b635dec18335f0f8c0521e4ff80",
        "revCount": 63,
        "type": "git",
        "url": "https://git.sr.ht/~ft/unflac"
      },
      "original": {
        "type": "git",
        "url": "https://git.sr.ht/~ft/unflac"
      }
    }
  },
  "root": "root",
  "version": 7
}
